<?xml version="1.0" encoding="UTF-8" standalone="yes" ?>
<CodeBlocks_project_file>
	<FileVersion major="1" minor="6" />
	<Project>
		<Option title="Sower Module Installer" />
		<Option pch_mode="2" />
		<Option compiler="gcc" />
		<Build>
			<Target title="debug_msw">
				<Option platforms="Windows;" />
				<Option output="../build-msw-debug/SwModuleInstaller" prefix_auto="1" extension_auto="1" />
				<Option object_output="../obj-msw/debug" />
				<Option type="0" />
				<Option compiler="gcc" />
				<Compiler>
					<Add option="-m64" />
					<Add option="-g" />
					<Add option="-mthreads" />
					<Add option="-D__WXMSW__" />
					<Add option="-D__MSWIN__" />
					<Add option="-D__WXDEBUG__" />
					<Add directory="../depends-msw/wxwidgets/include" />
				</Compiler>
				<ResourceCompiler>
					<Add directory="../depends-msw/wxwidgets/include" />
				</ResourceCompiler>
				<Linker>
					<Add option="-m64" />
					<Add library="../lib-msw/libsowerbase_d.a" />
					<Add library="../depends-msw/wxwidgets/lib/libwxbase32ud.a" />
					<Add library="../depends-msw/wxwidgets/lib/libwxmsw32ud_core.a" />
				</Linker>
			</Target>
			<Target title="release_msw">
				<Option platforms="Windows;" />
				<Option output="../build-msw/SwModuleInstaller" prefix_auto="1" extension_auto="1" />
				<Option object_output="../obj-msw/release" />
				<Option type="0" />
				<Option compiler="gcc" />
				<Compiler>
					<Add option="-m64" />
					<Add option="-mthreads" />
					<Add option="-D__WXMSW__" />
					<Add option="-D__MSWIN__" />
					<Add directory="../depends-msw/wxwidgets/include" />
				</Compiler>
				<ResourceCompiler>
					<Add directory="../depends-msw/wxwidgets/include" />
				</ResourceCompiler>
				<Linker>
					<Add option="-O2" />
					<Add option="-m64" />
					<Add library="../lib-msw/libsowerbase.a" />
					<Add library="../depends-msw/wxwidgets/lib/libwxbase32u.a" />
					<Add library="../depends-msw/wxwidgets/lib/libwxmsw32u_core.a" />
				</Linker>
			</Target>
			<Target title="release_osx">
				<Option platforms="Mac;" />
				<Option output="../build-osx/SwModuleInstaller.app" prefix_auto="1" extension_auto="0" />
				<Option object_output="../obj-osx/release" />
				<Option type="0" />
				<Option compiler="gcc" />
				<Option projectLinkerOptionsRelation="2" />
				<Compiler>
					<Add option="-O2" />
					<Add option="-fPIC" />
					<Add option="-fno-pie" />
					<Add option="-pthread" />
					<Add option="-D__OSX__" />
					<Add option="-D__WXMAC__" />
					<Add option="-D__WXOSX_COCOA__" />
					<Add directory="../depends-osx/wxwidgets/include" />
				</Compiler>
				<ResourceCompiler>
					<Add directory="../depends-osx/wxwidgets/include" />
				</ResourceCompiler>
				<Linker>
					<Add library="../build-osx/libwx_baseu-3.2.0.dylib" />
					<Add library="../build-osx/libwx_osx_cocoau_core-3.2.0.dylib" />
					<Add library="../build-osx/sowerbase.dylib" />
				</Linker>
				<ExtraCommands>
					<Add after="install_name_tool -add_rpath @executable_path/. $exe_dir/SwModuleInstaller.app" />
					<Add after="install_name_tool -change ../build-osx/sowerbase.dylib @rpath/sowerbase.dylib $exe_dir/SwModuleInstaller.app" />
					<Add after="install_name_tool -change ../build-osx/libwx_baseu-3.2.0.dylib @rpath/libwx_baseu-3.2.0.dylib $exe_dir/SwModuleInstaller.app" />
					<Add after="install_name_tool -change ../build-osx/libwx_osx_cocoau_core-3.2.0.dylib @rpath/libwx_osx_cocoau_core-3.2.0.dylib $exe_dir/SwModuleInstaller.app" />
				</ExtraCommands>
			</Target>
			<Target title="debug_linux">
				<Option platforms="Unix;" />
				<Option output="../build-linux-debug/SwModuleInstaller" prefix_auto="1" extension_auto="1" />
				<Option object_output="../obj-linux/debug" />
				<Option type="0" />
				<Option compiler="gcc" />
				<Option projectLinkerOptionsRelation="2" />
				<Compiler>
					<Add option="-fno-pie" />
					<Add option="-fPIC" />
					<Add option="-g" />
					<Add option="`wx-config  --version=3.0 --static=no --unicode=yes --debug=yes --cflags`" />
					<Add option="-pthread" />
					<Add directory="../include" />
				</Compiler>
				<Linker>
					<Add option="-no-pie" />
					<Add option="`wx-config  --version=3.0 --static=no --unicode=yes --debug=yes --libs base, core`" />
					<Add library="../lib/libsowerbase_d.so" />
				</Linker>
			</Target>
			<Target title="release_linux">
				<Option platforms="Unix;" />
				<Option output="../build-linux/SwModuleInstaller" prefix_auto="1" extension_auto="1" />
				<Option object_output="../obj-linux/release" />
				<Option type="0" />
				<Option compiler="gcc" />
				<Option projectLinkerOptionsRelation="2" />
				<Compiler>
					<Add option="-O2" />
					<Add option="-fno-pie" />
					<Add option="-fPIC" />
					<Add option="`wx-config  --version=3.0 --static=no --unicode=yes --debug=no --cflags`" />
					<Add option="-pthread" />
					<Add directory="../include" />
				</Compiler>
				<Linker>
					<Add option="-s" />
					<Add option="-no-pie" />
					<Add option="`wx-config  --version=3.0 --static=no --unicode=yes --debug=no --libs base, core`" />
					<Add library="../lib/libsowerbase.so" />
				</Linker>
			</Target>
		</Build>
		<Compiler>
			<Add option="-Wall" />
			<Add option="-pipe" />
			<Add option="-DWXUSINGDLL" />
			<Add option="-DwxUSE_UNICODE" />
			<Add directory="../include" />
		</Compiler>
		<Unit filename="../include/app/sowermoduleinstallerapp.h" />
		<Unit filename="../rc/resource-tools.rc">
			<Option compilerVar="WINDRES" />
		</Unit>
		<Unit filename="../src/app/sowermoduleinstallerapp.cpp" />
		<Extensions>
			<lib_finder disable_auto="1" />
		</Extensions>
	</Project>
</CodeBlocks_project_file>
