<?xml version="1.0" encoding="UTF-8" standalone="yes" ?>
<CodeBlocks_project_file>
	<FileVersion major="1" minor="6" />
	<Project>
		<Option title="Sower Module Writer" />
		<Option pch_mode="2" />
		<Option compiler="gcc" />
		<Build>
			<Target title="debug_msw">
				<Option platforms="Windows;" />
				<Option output="../build-msw-debug/SwModuleWriter" prefix_auto="1" extension_auto="1" />
				<Option object_output="../obj-msw/debug" />
				<Option type="0" />
				<Option compiler="gcc" />
				<Compiler>
					<Add option="-m64" />
					<Add option="-g" />
					<Add option="-mthreads" />
					<Add option="-D__WXMSW__" />
					<Add option="-D__MSWIN__" />
					<Add option="-D__WXDEBUG__" />
					<Add directory="../depends-msw/wxwidgets/include" />
					<Add directory="../depends-msw/SFML/include" />
				</Compiler>
				<ResourceCompiler>
					<Add directory="../depends-msw/wxwidgets/include" />
				</ResourceCompiler>
				<Linker>
					<Add option="-m64" />
					<Add library="../lib-msw/libsowerbase_d.a" />
					<Add library="../depends-msw/wxwidgets/lib/libwxbase32ud.a" />
					<Add library="../depends-msw/wxwidgets/lib/libwxmsw32ud_core.a" />
				</Linker>
			</Target>
			<Target title="release_msw">
				<Option platforms="Windows;" />
				<Option output="../build-msw/SwModuleWriter" prefix_auto="1" extension_auto="1" />
				<Option object_output="../obj-msw/release" />
				<Option type="0" />
				<Option compiler="gcc" />
				<Compiler>
					<Add option="-m64" />
					<Add option="-mthreads" />
					<Add option="-D__WXMSW__" />
					<Add option="-D__MSWIN__" />
					<Add directory="../depends-msw/wxwidgets/include" />
					<Add directory="../depends-msw/SFML/include" />
				</Compiler>
				<ResourceCompiler>
					<Add directory="../depends-msw/wxwidgets/include" />
				</ResourceCompiler>
				<Linker>
					<Add option="-O2" />
					<Add option="-m64" />
					<Add library="../lib-msw/libsowerbase.a" />
					<Add library="../depends-msw/wxwidgets/lib/libwxbase32u.a" />
					<Add library="../depends-msw/wxwidgets/lib/libwxmsw32u_core.a" />
				</Linker>
			</Target>
			<Target title="debug_linux">
				<Option platforms="Unix;" />
				<Option output="../build-linux-debug/SwModuleWriter" prefix_auto="1" extension_auto="1" />
				<Option object_output="../obj-linux/debug" />
				<Option type="0" />
				<Option compiler="gcc" />
				<Option projectLinkerOptionsRelation="2" />
				<Compiler>
					<Add option="-fno-pie" />
					<Add option="-fPIC" />
					<Add option="-g" />
					<Add option="`wx-config  --version=3.0 --static=no --unicode=yes --debug=yes --cflags`" />
					<Add option="-pthread" />
					<Add directory="../include" />
				</Compiler>
				<Linker>
					<Add option="-no-pie" />
					<Add option="`wx-config  --version=3.0 --static=no --unicode=yes --debug=yes --libs base, core`" />
					<Add library="../lib/libsowerbase_d.so" />
				</Linker>
			</Target>
			<Target title="release_linux">
				<Option platforms="Unix;" />
				<Option output="../build-linux/SwModuleWriter" prefix_auto="1" extension_auto="1" />
				<Option object_output="../obj-linux/release" />
				<Option type="0" />
				<Option compiler="gcc" />
				<Option projectLinkerOptionsRelation="2" />
				<Compiler>
					<Add option="-fno-pie" />
					<Add option="-fPIC" />
					<Add option="-g" />
					<Add option="`wx-config  --version=3.0 --static=no --unicode=yes --debug=no --cflags`" />
					<Add option="-pthread" />
					<Add directory="../include" />
				</Compiler>
				<Linker>
					<Add option="-no-pie" />
					<Add option="`wx-config  --version=3.0 --static=no --unicode=yes --debug=no --libs base, core`" />
					<Add library="../lib/libsowerbase.so" />
				</Linker>
			</Target>
		</Build>
		<Compiler>
			<Add option="-Wall" />
			<Add option="-pipe" />
			<Add option="-DWXUSINGDLL" />
			<Add option="-DwxUSE_UNICODE" />
			<Add directory="../include" />
		</Compiler>
		<Unit filename="../include/app/sowermodulewriterapp.h" />
		<Unit filename="../rc/resource-tools.rc">
			<Option compilerVar="WINDRES" />
		</Unit>
		<Unit filename="../src/app/sowermodulewriterapp.cpp" />
		<Extensions>
			<lib_finder disable_auto="1" />
			<wxsmith version="1">
				<gui name="wxWidgets" src="Sower_Module_WriterApp.cpp" main="Sower_Module_WriterDialog" init_handlers="necessary" language="CPP" />
			</wxsmith>
		</Extensions>
	</Project>
</CodeBlocks_project_file>
