<?xml version="1.0" encoding="UTF-8" standalone="yes" ?>
<CodeBlocks_project_file>
	<FileVersion major="1" minor="6" />
	<Project>
		<Option title="TV Interface Alpha" />
		<Option pch_mode="2" />
		<Option compiler="gcc" />
		<Build>
			<Target title="debug_msw">
				<Option output="../build-msw-debug/plugins/ThML Viewer/tvi_alpha_d" prefix_auto="0" extension_auto="1" />
				<Option object_output="../obj-msw/debug/plugins/ThML Viewer/" />
				<Option type="3" />
				<Option compiler="gcc" />
				<Compiler>
					<Add option="-m64" />
					<Add option="-g" />
					<Add option="-mthreads" />
					<Add option="-D__WXMSW__" />
					<Add option="-D__MSWIN__" />
					<Add option="-D__WXDEBUG__" />
					<Add option="-DBUILD_DLL" />
					<Add directory="../depends-msw/wxwidgets/include" />
				</Compiler>
				<ResourceCompiler>
					<Add directory="../depends-msw/wxwidgets/include" />
				</ResourceCompiler>
				<Linker>
					<Add option="-m64" />
					<Add library="../lib-msw/libsowerbase_d.a" />
					<Add library="../depends-msw/wxwidgets/lib/libwxbase32ud.a" />
					<Add library="../depends-msw/wxwidgets/lib/libwxmsw32ud_core.a" />
					<Add library="../depends-msw/wxwidgets/lib/libwxmsw32ud_aui.a" />
				</Linker>
			</Target>
			<Target title="release_msw">
				<Option output="../build-msw/plugins/ThML Viewer/tvi_alpha" prefix_auto="0" extension_auto="1" />
				<Option object_output="../obj-msw/release/plugins/ThML Viewer/" />
				<Option type="3" />
				<Option compiler="gcc" />
				<Compiler>
					<Add option="-m64" />
					<Add option="-mthreads" />
					<Add option="-D__WXMSW__" />
					<Add option="-D__MSWIN__" />
					<Add option="-DBUILD_DLL" />
					<Add directory="../depends-msw/wxwidgets/include" />
				</Compiler>
				<ResourceCompiler>
					<Add directory="../depends-msw/wxwidgets/include" />
				</ResourceCompiler>
				<Linker>
					<Add option="-O2" />
					<Add option="-m64" />
					<Add library="../lib-msw/libsowerbase.a" />
					<Add library="../depends-msw/wxwidgets/lib/libwxbase32u.a" />
					<Add library="../depends-msw/wxwidgets/lib/libwxmsw32u_core.a" />
					<Add library="../depends-msw/wxwidgets/lib/libwxmsw32u_aui.a" />
				</Linker>
			</Target>
			<Target title="debug_linux">
				<Option platforms="Unix;" />
				<Option output="../build-linux-debug/plugins/ThML Viewer/tvi_alpha_d" imp_lib="$(TARGET_OUTPUT_DIR)$(TARGET_OUTPUT_BASENAME).a" def_file="$(TARGET_OUTPUT_DIR)$(TARGET_OUTPUT_BASENAME).def" prefix_auto="0" extension_auto="1" />
				<Option object_output="../obj-linux/debug/plugins/ThML Viewer/" />
				<Option type="3" />
				<Option compiler="gcc" />
				<Option projectLinkerOptionsRelation="2" />
				<Compiler>
					<Add option="-fPIC" />
					<Add option="-g" />
					<Add option="`wx-config  --version=3.0 --static=no --unicode=yes --debug=yes --cflags`" />
					<Add option="-pthread" />
					<Add directory="../include" />
				</Compiler>
				<Linker>
					<Add option="`wx-config  --version=3.0 --static=no --unicode=yes --debug=yes --libs base, core, aui`" />
					<Add library="../lib/libsowerbase_d.so" />
				</Linker>
			</Target>
			<Target title="release_linux">
				<Option platforms="Unix;" />
				<Option output="../build-linux/plugins/ThML Viewer/tvi_alpha" imp_lib="$(TARGET_OUTPUT_DIR)$(TARGET_OUTPUT_BASENAME).a" def_file="$(TARGET_OUTPUT_DIR)$(TARGET_OUTPUT_BASENAME).def" prefix_auto="0" extension_auto="1" />
				<Option object_output="../obj-linux/release/plugins/ThML Viewer/" />
				<Option type="3" />
				<Option compiler="gcc" />
				<Option projectLinkerOptionsRelation="2" />
				<Compiler>
					<Add option="-fPIC" />
					<Add option="-g" />
					<Add option="`wx-config  --version=3.0 --static=no --unicode=yes --debug=no --cflags`" />
					<Add option="-pthread" />
					<Add directory="../include" />
				</Compiler>
				<Linker>
					<Add option="`wx-config  --version=3.0 --static=no --unicode=yes --debug=no --libs base, core, aui`" />
					<Add library="../lib/libsowerbase.so" />
				</Linker>
			</Target>
		</Build>
		<Compiler>
			<Add option="-Wall" />
			<Add option="-pipe" />
			<Add option="-DWXUSINGDLL" />
			<Add option="-DwxUSE_UNICODE" />
			<Add directory="../include" />
		</Compiler>
		<Unit filename="../include/app/tvi_alpha.h" />
		<Unit filename="../src/app/tvi_alpha.cpp" />
		<Extensions>
			<lib_finder disable_auto="1" />
		</Extensions>
	</Project>
</CodeBlocks_project_file>
